
Microsoft Visual Studio Solution File, Format Version 12.00
# Visual Studio Version 17
VisualStudioVersion = 17.4.33110.190
MinimumVisualStudioVersion = 10.0.40219.1
Project("{FAE04EC0-301F-11D3-BF4B-00C04F79EFBC}") = "Kámen nůžky papír", "Kámen nůžky papír\Kámen nůžky papír.csproj", "{1833A381-36D4-4E74-B4A6-FDD9ECC4DFB6}"
EndProject
Global
	GlobalSection(SolutionConfigurationPlatforms) = preSolution
		Debug|Any CPU = Debug|Any CPU
		Release|Any CPU = Release|Any CPU
	EndGlobalSection
	GlobalSection(ProjectConfigurationPlatforms) = postSolution
		{1833A381-36D4-4E74-B4A6-FDD9ECC4DFB6}.Debug|Any CPU.ActiveCfg = Debug|Any CPU
		{1833A381-36D4-4E74-B4A6-FDD9ECC4DFB6}.Debug|Any CPU.Build.0 = Debug|Any CPU
		{1833A381-36D4-4E74-B4A6-FDD9ECC4DFB6}.Release|Any CPU.ActiveCfg = Release|Any CPU
		{1833A381-36D4-4E74-B4A6-FDD9ECC4DFB6}.Release|Any CPU.Build.0 = Release|Any CPU
	EndGlobalSection
	GlobalSection(SolutionProperties) = preSolution
		HideSolutionNode = FALSE
	EndGlobalSection
	GlobalSection(ExtensibilityGlobals) = postSolution
		SolutionGuid = {E6F17385-780E-4872-B471-8F2A9E120F6C}
	EndGlobalSection
EndGlobal
